# This file is autogenerated, do not edit; changes may be undone by the next 'dep ensure'.


[[projects]]
  name = "github.com/caarlos0/env"
  packages = ["."]
  revision = "1cddc31c48c56ecd700d873edb9fd5b6f5df922a"
  version = "v3.3.0"

[[projects]]
  branch = "master"
  name = "github.com/thoas/stats"
  packages = ["."]
  revision = "37829025d2242afb04d91572cb143e00019e2aac"

[[projects]]
  name = "github.com/urfave/negroni"
  packages = ["."]
  revision = "5dbbc83f748fc3ad38585842b0aedab546d0ea1e"
  version = "v0.3.0"

[solve-meta]
  analyzer-name = "dep"
  analyzer-version = 1
  inputs-digest = "724dee5259aadcdac44fd70fb3a2da7e070ee6b376d7752ecf56a3ea84f4b9a1"
  solver-name = "gps-cdcl"
  solver-version = 1
